# This file is automatically @generated by Cargo.
# It is not intended for manual editing.
version = 4

[[package]]
name = "armillae-core"
version = "0.1.0"

[[package]]
name = "armillae-llm"
version = "0.1.0"
dependencies = [
 "armillae-core",
]

[[package]]
name = "armillae-llm-rig"
version = "0.1.0"
dependencies = [
 "armillae-core",
 "armillae-llm",
]

[[package]]
name = "armillae-tools"
version = "0.1.0"
dependencies = [
 "armillae-core",
]
